
Microsoft Visual Studio Solution File, Format Version 12.00
# Visual Studio Version 16
VisualStudioVersion = 16.0.32126.315
MinimumVisualStudioVersion = 10.0.40219.1
Project("{FAE04EC0-301F-11D3-BF4B-00C04F79EFBC}") = "AccessModifier", "AccessModifier\AccessModifier.csproj", "{6E474C7F-50D6-4962-8C85-81C436B5D55B}"
EndProject
Global
	GlobalSection(SolutionConfigurationPlatforms) = preSolution
		Debug|Any CPU = Debug|Any CPU
		Release|Any CPU = Release|Any CPU
	EndGlobalSection
	GlobalSection(ProjectConfigurationPlatforms) = postSolution
		{6E474C7F-50D6-4962-8C85-81C436B5D55B}.Debug|Any CPU.ActiveCfg = Debug|Any CPU
		{6E474C7F-50D6-4962-8C85-81C436B5D55B}.Debug|Any CPU.Build.0 = Debug|Any CPU
		{6E474C7F-50D6-4962-8C85-81C436B5D55B}.Release|Any CPU.ActiveCfg = Release|Any CPU
		{6E474C7F-50D6-4962-8C85-81C436B5D55B}.Release|Any CPU.Build.0 = Release|Any CPU
	EndGlobalSection
	GlobalSection(SolutionProperties) = preSolution
		HideSolutionNode = FALSE
	EndGlobalSection
	GlobalSection(ExtensibilityGlobals) = postSolution
		SolutionGuid = {CE443CBD-3989-4A96-9092-ACE2378C166B}
	EndGlobalSection
EndGlobal
